
Microsoft Visual Studio Solution File, Format Version 12.00
# Visual Studio Version 17
VisualStudioVersion = 17.7.34024.191
MinimumVisualStudioVersion = 10.0.40219.1
Project("{FAE04EC0-301F-11D3-BF4B-00C04F79EFBC}") = "proyectoMaquina", "proyectoMaquina.csproj", "{2053456F-4FF3-49D8-9266-2F123A70A2D6}"
EndProject
Global
	GlobalSection(SolutionConfigurationPlatforms) = preSolution
		Debug|Any CPU = Debug|Any CPU
		Release|Any CPU = Release|Any CPU
	EndGlobalSection
	GlobalSection(ProjectConfigurationPlatforms) = postSolution
		{2053456F-4FF3-49D8-9266-2F123A70A2D6}.Debug|Any CPU.ActiveCfg = Debug|Any CPU
		{2053456F-4FF3-49D8-9266-2F123A70A2D6}.Debug|Any CPU.Build.0 = Debug|Any CPU
		{2053456F-4FF3-49D8-9266-2F123A70A2D6}.Release|Any CPU.ActiveCfg = Release|Any CPU
		{2053456F-4FF3-49D8-9266-2F123A70A2D6}.Release|Any CPU.Build.0 = Release|Any CPU
	EndGlobalSection
	GlobalSection(SolutionProperties) = preSolution
		HideSolutionNode = FALSE
	EndGlobalSection
	GlobalSection(ExtensibilityGlobals) = postSolution
		SolutionGuid = {2757CD9F-8A8E-40E1-B861-D2C1B43AFB6C}
	EndGlobalSection
EndGlobal
